
Microsoft Visual Studio Solution File, Format Version 12.00
# Visual Studio Version 16
VisualStudioVersion = 16.0.32126.315
MinimumVisualStudioVersion = 10.0.40219.1
Project("{FAE04EC0-301F-11D3-BF4B-00C04F79EFBC}") = "JwtApp", "JwtApp.csproj", "{ECBDAC8D-7EEE-4909-A890-1118EDB4FE1E}"
EndProject
Global
	GlobalSection(SolutionConfigurationPlatforms) = preSolution
		Debug|Any CPU = Debug|Any CPU
		Release|Any CPU = Release|Any CPU
	EndGlobalSection
	GlobalSection(ProjectConfigurationPlatforms) = postSolution
		{ECBDAC8D-7EEE-4909-A890-1118EDB4FE1E}.Debug|Any CPU.ActiveCfg = Debug|Any CPU
		{ECBDAC8D-7EEE-4909-A890-1118EDB4FE1E}.Debug|Any CPU.Build.0 = Debug|Any CPU
		{ECBDAC8D-7EEE-4909-A890-1118EDB4FE1E}.Release|Any CPU.ActiveCfg = Release|Any CPU
		{ECBDAC8D-7EEE-4909-A890-1118EDB4FE1E}.Release|Any CPU.Build.0 = Release|Any CPU
	EndGlobalSection
	GlobalSection(SolutionProperties) = preSolution
		HideSolutionNode = FALSE
	EndGlobalSection
	GlobalSection(ExtensibilityGlobals) = postSolution
		SolutionGuid = {ABD38EA3-DFF9-458E-AC21-8EFB06BFB66C}
	EndGlobalSection
EndGlobal
